
Microsoft Visual Studio Solution File, Format Version 12.00
# Visual Studio Version 17
VisualStudioVersion = 17.2.32516.85
MinimumVisualStudioVersion = 10.0.40219.1
Project("{FAE04EC0-301F-11D3-BF4B-00C04F79EFBC}") = "app", "app\app.csproj", "{2DE9743D-1BC0-4C11-BB4E-2D0712D29604}"
EndProject
Global
	GlobalSection(SolutionConfigurationPlatforms) = preSolution
		Debug|Any CPU = Debug|Any CPU
		Release|Any CPU = Release|Any CPU
	EndGlobalSection
	GlobalSection(ProjectConfigurationPlatforms) = postSolution
		{2DE9743D-1BC0-4C11-BB4E-2D0712D29604}.Debug|Any CPU.ActiveCfg = Debug|Any CPU
		{2DE9743D-1BC0-4C11-BB4E-2D0712D29604}.Debug|Any CPU.Build.0 = Debug|Any CPU
		{2DE9743D-1BC0-4C11-BB4E-2D0712D29604}.Release|Any CPU.ActiveCfg = Release|Any CPU
		{2DE9743D-1BC0-4C11-BB4E-2D0712D29604}.Release|Any CPU.Build.0 = Release|Any CPU
	EndGlobalSection
	GlobalSection(SolutionProperties) = preSolution
		HideSolutionNode = FALSE
	EndGlobalSection
	GlobalSection(ExtensibilityGlobals) = postSolution
		SolutionGuid = {0A64FBDC-EB9A-41EC-8606-A928BB1F3E6D}
	EndGlobalSection
EndGlobal
